
Microsoft Visual Studio Solution File, Format Version 12.00
# Visual Studio Version 16
VisualStudioVersion = 16.0.30114.105
MinimumVisualStudioVersion = 10.0.40219.1
Project("{FAE04EC0-301F-11D3-BF4B-00C04F79EFBC}") = "API", "API\API.csproj", "{2B227AB8-1F50-4309-ACFF-64F5D22CC55C}"
EndProject
Project("{FAE04EC0-301F-11D3-BF4B-00C04F79EFBC}") = "Application", "Application\Application.csproj", "{F20B9D9A-73F7-49DC-9F6D-CD36A0052EB8}"
EndProject
Project("{FAE04EC0-301F-11D3-BF4B-00C04F79EFBC}") = "Persistence", "Persistence\Persistence.csproj", "{EB12D728-F3CF-4A66-B5A4-75502710AE7F}"
EndProject
Project("{FAE04EC0-301F-11D3-BF4B-00C04F79EFBC}") = "Domain", "Domain\Domain.csproj", "{C9FC3ED4-9FC0-4294-A772-86111B8C6735}"
EndProject
Global
	GlobalSection(SolutionConfigurationPlatforms) = preSolution
		Debug|Any CPU = Debug|Any CPU
		Debug|x64 = Debug|x64
		Debug|x86 = Debug|x86
		Release|Any CPU = Release|Any CPU
		Release|x64 = Release|x64
		Release|x86 = Release|x86
	EndGlobalSection
	GlobalSection(SolutionProperties) = preSolution
		HideSolutionNode = FALSE
	EndGlobalSection
	GlobalSection(ProjectConfigurationPlatforms) = postSolution
		{2B227AB8-1F50-4309-ACFF-64F5D22CC55C}.Debug|Any CPU.ActiveCfg = Debug|Any CPU
		{2B227AB8-1F50-4309-ACFF-64F5D22CC55C}.Debug|Any CPU.Build.0 = Debug|Any CPU
		{2B227AB8-1F50-4309-ACFF-64F5D22CC55C}.Debug|x64.ActiveCfg = Debug|Any CPU
		{2B227AB8-1F50-4309-ACFF-64F5D22CC55C}.Debug|x64.Build.0 = Debug|Any CPU
		{2B227AB8-1F50-4309-ACFF-64F5D22CC55C}.Debug|x86.ActiveCfg = Debug|Any CPU
		{2B227AB8-1F50-4309-ACFF-64F5D22CC55C}.Debug|x86.Build.0 = Debug|Any CPU
		{2B227AB8-1F50-4309-ACFF-64F5D22CC55C}.Release|Any CPU.ActiveCfg = Release|Any CPU
		{2B227AB8-1F50-4309-ACFF-64F5D22CC55C}.Release|Any CPU.Build.0 = Release|Any CPU
		{2B227AB8-1F50-4309-ACFF-64F5D22CC55C}.Release|x64.ActiveCfg = Release|Any CPU
		{2B227AB8-1F50-4309-ACFF-64F5D22CC55C}.Release|x64.Build.0 = Release|Any CPU
		{2B227AB8-1F50-4309-ACFF-64F5D22CC55C}.Release|x86.ActiveCfg = Release|Any CPU
		{2B227AB8-1F50-4309-ACFF-64F5D22CC55C}.Release|x86.Build.0 = Release|Any CPU
		{F20B9D9A-73F7-49DC-9F6D-CD36A0052EB8}.Debug|Any CPU.ActiveCfg = Debug|Any CPU
		{F20B9D9A-73F7-49DC-9F6D-CD36A0052EB8}.Debug|Any CPU.Build.0 = Debug|Any CPU
		{F20B9D9A-73F7-49DC-9F6D-CD36A0052EB8}.Debug|x64.ActiveCfg = Debug|Any CPU
		{F20B9D9A-73F7-49DC-9F6D-CD36A0052EB8}.Debug|x64.Build.0 = Debug|Any CPU
		{F20B9D9A-73F7-49DC-9F6D-CD36A0052EB8}.Debug|x86.ActiveCfg = Debug|Any CPU
		{F20B9D9A-73F7-49DC-9F6D-CD36A0052EB8}.Debug|x86.Build.0 = Debug|Any CPU
		{F20B9D9A-73F7-49DC-9F6D-CD36A0052EB8}.Release|Any CPU.ActiveCfg = Release|Any CPU
		{F20B9D9A-73F7-49DC-9F6D-CD36A0052EB8}.Release|Any CPU.Build.0 = Release|Any CPU
		{F20B9D9A-73F7-49DC-9F6D-CD36A0052EB8}.Release|x64.ActiveCfg = Release|Any CPU
		{F20B9D9A-73F7-49DC-9F6D-CD36A0052EB8}.Release|x64.Build.0 = Release|Any CPU
		{F20B9D9A-73F7-49DC-9F6D-CD36A0052EB8}.Release|x86.ActiveCfg = Release|Any CPU
		{F20B9D9A-73F7-49DC-9F6D-CD36A0052EB8}.Release|x86.Build.0 = Release|Any CPU
		{EB12D728-F3CF-4A66-B5A4-75502710AE7F}.Debug|Any CPU.ActiveCfg = Debug|Any CPU
		{EB12D728-F3CF-4A66-B5A4-75502710AE7F}.Debug|Any CPU.Build.0 = Debug|Any CPU
		{EB12D728-F3CF-4A66-B5A4-75502710AE7F}.Debug|x64.ActiveCfg = Debug|Any CPU
		{EB12D728-F3CF-4A66-B5A4-75502710AE7F}.Debug|x64.Build.0 = Debug|Any CPU
		{EB12D728-F3CF-4A66-B5A4-75502710AE7F}.Debug|x86.ActiveCfg = Debug|Any CPU
		{EB12D728-F3CF-4A66-B5A4-75502710AE7F}.Debug|x86.Build.0 = Debug|Any CPU
		{EB12D728-F3CF-4A66-B5A4-75502710AE7F}.Release|Any CPU.ActiveCfg = Release|Any CPU
		{EB12D728-F3CF-4A66-B5A4-75502710AE7F}.Release|Any CPU.Build.0 = Release|Any CPU
		{EB12D728-F3CF-4A66-B5A4-75502710AE7F}.Release|x64.ActiveCfg = Release|Any CPU
		{EB12D728-F3CF-4A66-B5A4-75502710AE7F}.Release|x64.Build.0 = Release|Any CPU
		{EB12D728-F3CF-4A66-B5A4-75502710AE7F}.Release|x86.ActiveCfg = Release|Any CPU
		{EB12D728-F3CF-4A66-B5A4-75502710AE7F}.Release|x86.Build.0 = Release|Any CPU
		{C9FC3ED4-9FC0-4294-A772-86111B8C6735}.Debug|Any CPU.ActiveCfg = Debug|Any CPU
		{C9FC3ED4-9FC0-4294-A772-86111B8C6735}.Debug|Any CPU.Build.0 = Debug|Any CPU
		{C9FC3ED4-9FC0-4294-A772-86111B8C6735}.Debug|x64.ActiveCfg = Debug|Any CPU
		{C9FC3ED4-9FC0-4294-A772-86111B8C6735}.Debug|x64.Build.0 = Debug|Any CPU
		{C9FC3ED4-9FC0-4294-A772-86111B8C6735}.Debug|x86.ActiveCfg = Debug|Any CPU
		{C9FC3ED4-9FC0-4294-A772-86111B8C6735}.Debug|x86.Build.0 = Debug|Any CPU
		{C9FC3ED4-9FC0-4294-A772-86111B8C6735}.Release|Any CPU.ActiveCfg = Release|Any CPU
		{C9FC3ED4-9FC0-4294-A772-86111B8C6735}.Release|Any CPU.Build.0 = Release|Any CPU
		{C9FC3ED4-9FC0-4294-A772-86111B8C6735}.Release|x64.ActiveCfg = Release|Any CPU
		{C9FC3ED4-9FC0-4294-A772-86111B8C6735}.Release|x64.Build.0 = Release|Any CPU
		{C9FC3ED4-9FC0-4294-A772-86111B8C6735}.Release|x86.ActiveCfg = Release|Any CPU
		{C9FC3ED4-9FC0-4294-A772-86111B8C6735}.Release|x86.Build.0 = Release|Any CPU
	EndGlobalSection
EndGlobal
